
Microsoft Visual Studio Solution File, Format Version 12.00
# Visual Studio Version 17
VisualStudioVersion = 17.0.31903.59
MinimumVisualStudioVersion = 10.0.40219.1
Project("{FAE04EC0-301F-11D3-BF4B-00C04F79EFBC}") = "LibreBorr.Services", "LibreBorr.Services\LibreBorr.Services.csproj", "{69132081-7A59-40FF-9F70-7C40194C2CEE}"
EndProject
Project("{FAE04EC0-301F-11D3-BF4B-00C04F79EFBC}") = "LibreBorr.BL", "LibreBorr.BL\LibreBorr.BL.csproj", "{6FDAD428-4456-465E-A0A9-C4CE83351609}"
EndProject
Project("{FAE04EC0-301F-11D3-BF4B-00C04F79EFBC}") = "LibreBorr.Web", "LibreBorr.Web\LibreBorr.Web.csproj", "{80EE1963-7884-4BAA-94BC-DFF0D60F89F4}"
EndProject
Project("{FAE04EC0-301F-11D3-BF4B-00C04F79EFBC}") = "LibreBorr.FetchBookApi", "LibreBorr.FetchBookApi\LibreBorr.FetchBookApi.csproj", "{3B67A9D7-CB7A-4EED-A3FF-B1C9AF63AD84}"
EndProject
Project("{FAE04EC0-301F-11D3-BF4B-00C04F79EFBC}") = "LibreBorr.Tests", "LibreBorr.Tests\LibreBorr.Tests.csproj", "{864514E7-D034-498D-ACE2-13F5F61D66D9}"
EndProject
Global
	GlobalSection(SolutionConfigurationPlatforms) = preSolution
		Debug|Any CPU = Debug|Any CPU
		Release|Any CPU = Release|Any CPU
	EndGlobalSection
	GlobalSection(SolutionProperties) = preSolution
		HideSolutionNode = FALSE
	EndGlobalSection
	GlobalSection(ProjectConfigurationPlatforms) = postSolution
		{69132081-7A59-40FF-9F70-7C40194C2CEE}.Debug|Any CPU.ActiveCfg = Debug|Any CPU
		{69132081-7A59-40FF-9F70-7C40194C2CEE}.Debug|Any CPU.Build.0 = Debug|Any CPU
		{69132081-7A59-40FF-9F70-7C40194C2CEE}.Release|Any CPU.ActiveCfg = Release|Any CPU
		{69132081-7A59-40FF-9F70-7C40194C2CEE}.Release|Any CPU.Build.0 = Release|Any CPU
		{6FDAD428-4456-465E-A0A9-C4CE83351609}.Debug|Any CPU.ActiveCfg = Debug|Any CPU
		{6FDAD428-4456-465E-A0A9-C4CE83351609}.Debug|Any CPU.Build.0 = Debug|Any CPU
		{6FDAD428-4456-465E-A0A9-C4CE83351609}.Release|Any CPU.ActiveCfg = Release|Any CPU
		{6FDAD428-4456-465E-A0A9-C4CE83351609}.Release|Any CPU.Build.0 = Release|Any CPU
		{80EE1963-7884-4BAA-94BC-DFF0D60F89F4}.Debug|Any CPU.ActiveCfg = Debug|Any CPU
		{80EE1963-7884-4BAA-94BC-DFF0D60F89F4}.Debug|Any CPU.Build.0 = Debug|Any CPU
		{80EE1963-7884-4BAA-94BC-DFF0D60F89F4}.Release|Any CPU.ActiveCfg = Release|Any CPU
		{80EE1963-7884-4BAA-94BC-DFF0D60F89F4}.Release|Any CPU.Build.0 = Release|Any CPU
		{3B67A9D7-CB7A-4EED-A3FF-B1C9AF63AD84}.Debug|Any CPU.ActiveCfg = Debug|Any CPU
		{3B67A9D7-CB7A-4EED-A3FF-B1C9AF63AD84}.Debug|Any CPU.Build.0 = Debug|Any CPU
		{3B67A9D7-CB7A-4EED-A3FF-B1C9AF63AD84}.Release|Any CPU.ActiveCfg = Release|Any CPU
		{3B67A9D7-CB7A-4EED-A3FF-B1C9AF63AD84}.Release|Any CPU.Build.0 = Release|Any CPU
		{864514E7-D034-498D-ACE2-13F5F61D66D9}.Debug|Any CPU.ActiveCfg = Debug|Any CPU
		{864514E7-D034-498D-ACE2-13F5F61D66D9}.Debug|Any CPU.Build.0 = Debug|Any CPU
		{864514E7-D034-498D-ACE2-13F5F61D66D9}.Release|Any CPU.ActiveCfg = Release|Any CPU
		{864514E7-D034-498D-ACE2-13F5F61D66D9}.Release|Any CPU.Build.0 = Release|Any CPU
	EndGlobalSection
EndGlobal
